
Microsoft Visual Studio Solution File, Format Version 12.00
# Visual Studio Version 16
VisualStudioVersion = 16.0.30011.22
MinimumVisualStudioVersion = 10.0.40219.1
Project("{9A19103F-16F7-4668-BE54-9A1E7A4F7556}") = "SER.UI", "SER.UI.csproj", "{ACB03B5F-CC44-4D84-97D2-8CA31C2943A6}"
EndProject
Global
	GlobalSection(SolutionConfigurationPlatforms) = preSolution
		Debug|Any CPU = Debug|Any CPU
		Release|Any CPU = Release|Any CPU
	EndGlobalSection
	GlobalSection(ProjectConfigurationPlatforms) = postSolution
		{ACB03B5F-CC44-4D84-97D2-8CA31C2943A6}.Debug|Any CPU.ActiveCfg = Debug|Any CPU
		{ACB03B5F-CC44-4D84-97D2-8CA31C2943A6}.Debug|Any CPU.Build.0 = Debug|Any CPU
		{ACB03B5F-CC44-4D84-97D2-8CA31C2943A6}.Release|Any CPU.ActiveCfg = Release|Any CPU
		{ACB03B5F-CC44-4D84-97D2-8CA31C2943A6}.Release|Any CPU.Build.0 = Release|Any CPU
	EndGlobalSection
	GlobalSection(SolutionProperties) = preSolution
		HideSolutionNode = FALSE
	EndGlobalSection
	GlobalSection(ExtensibilityGlobals) = postSolution
		SolutionGuid = {B28D4C4B-8488-4B3B-B673-E1023EF87980}
	EndGlobalSection
EndGlobal
